
Microsoft Visual Studio Solution File, Format Version 12.00
# Visual Studio Version 17
VisualStudioVersion = 17.0.31903.59
MinimumVisualStudioVersion = 10.0.40219.1
Project("{FAE04EC0-301F-11D3-BF4B-00C04F79EFBC}") = "API", "API\API.csproj", "{20BBDB33-5FDF-4511-8E23-C287B5AD948A}"
EndProject
Project("{FAE04EC0-301F-11D3-BF4B-00C04F79EFBC}") = "Application", "Application\Application.csproj", "{790935EA-8839-40CA-BAC2-0F2A5126C4A1}"
EndProject
Project("{FAE04EC0-301F-11D3-BF4B-00C04F79EFBC}") = "Domain", "Domain\Domain.csproj", "{B4ADD66A-72CB-40CA-8FA0-AAA97BD8171B}"
EndProject
Project("{FAE04EC0-301F-11D3-BF4B-00C04F79EFBC}") = "Persistence", "Persistence\Persistence.csproj", "{F01F878F-E5E3-4DD1-B386-DCAA86C227EC}"
EndProject
Project("{FAE04EC0-301F-11D3-BF4B-00C04F79EFBC}") = "Infrastructure", "Infrastructure\Infrastructure.csproj", "{8584CEF5-833E-4A17-9372-D319E584ED31}"
EndProject
Global
	GlobalSection(SolutionConfigurationPlatforms) = preSolution
		Debug|Any CPU = Debug|Any CPU
		Release|Any CPU = Release|Any CPU
	EndGlobalSection
	GlobalSection(SolutionProperties) = preSolution
		HideSolutionNode = FALSE
	EndGlobalSection
	GlobalSection(ProjectConfigurationPlatforms) = postSolution
		{20BBDB33-5FDF-4511-8E23-C287B5AD948A}.Debug|Any CPU.ActiveCfg = Debug|Any CPU
		{20BBDB33-5FDF-4511-8E23-C287B5AD948A}.Debug|Any CPU.Build.0 = Debug|Any CPU
		{20BBDB33-5FDF-4511-8E23-C287B5AD948A}.Release|Any CPU.ActiveCfg = Release|Any CPU
		{20BBDB33-5FDF-4511-8E23-C287B5AD948A}.Release|Any CPU.Build.0 = Release|Any CPU
		{790935EA-8839-40CA-BAC2-0F2A5126C4A1}.Debug|Any CPU.ActiveCfg = Debug|Any CPU
		{790935EA-8839-40CA-BAC2-0F2A5126C4A1}.Debug|Any CPU.Build.0 = Debug|Any CPU
		{790935EA-8839-40CA-BAC2-0F2A5126C4A1}.Release|Any CPU.ActiveCfg = Release|Any CPU
		{790935EA-8839-40CA-BAC2-0F2A5126C4A1}.Release|Any CPU.Build.0 = Release|Any CPU
		{B4ADD66A-72CB-40CA-8FA0-AAA97BD8171B}.Debug|Any CPU.ActiveCfg = Debug|Any CPU
		{B4ADD66A-72CB-40CA-8FA0-AAA97BD8171B}.Debug|Any CPU.Build.0 = Debug|Any CPU
		{B4ADD66A-72CB-40CA-8FA0-AAA97BD8171B}.Release|Any CPU.ActiveCfg = Release|Any CPU
		{B4ADD66A-72CB-40CA-8FA0-AAA97BD8171B}.Release|Any CPU.Build.0 = Release|Any CPU
		{F01F878F-E5E3-4DD1-B386-DCAA86C227EC}.Debug|Any CPU.ActiveCfg = Debug|Any CPU
		{F01F878F-E5E3-4DD1-B386-DCAA86C227EC}.Debug|Any CPU.Build.0 = Debug|Any CPU
		{F01F878F-E5E3-4DD1-B386-DCAA86C227EC}.Release|Any CPU.ActiveCfg = Release|Any CPU
		{F01F878F-E5E3-4DD1-B386-DCAA86C227EC}.Release|Any CPU.Build.0 = Release|Any CPU
		{8584CEF5-833E-4A17-9372-D319E584ED31}.Debug|Any CPU.ActiveCfg = Debug|Any CPU
		{8584CEF5-833E-4A17-9372-D319E584ED31}.Debug|Any CPU.Build.0 = Debug|Any CPU
		{8584CEF5-833E-4A17-9372-D319E584ED31}.Release|Any CPU.ActiveCfg = Release|Any CPU
		{8584CEF5-833E-4A17-9372-D319E584ED31}.Release|Any CPU.Build.0 = Release|Any CPU
	EndGlobalSection
EndGlobal
